
Microsoft Visual Studio Solution File, Format Version 12.00
# Visual Studio Version 16
VisualStudioVersion = 16.0.30406.217
MinimumVisualStudioVersion = 10.0.40219.1
Project("{FAE04EC0-301F-11D3-BF4B-00C04F79EFBC}") = "OCDMath", "OCDMath\OCDMath.csproj", "{D8156205-F534-4C93-B9C6-DB324A8EF6FF}"
EndProject
Project("{FAE04EC0-301F-11D3-BF4B-00C04F79EFBC}") = "OCDMathTest", "OCDMathTest\OCDMathTest.csproj", "{0D46BF16-DAEE-4C92-AC9E-3394B5E8738E}"
EndProject
Global
	GlobalSection(SolutionConfigurationPlatforms) = preSolution
		Debug|Any CPU = Debug|Any CPU
		Release|Any CPU = Release|Any CPU
	EndGlobalSection
	GlobalSection(ProjectConfigurationPlatforms) = postSolution
		{D8156205-F534-4C93-B9C6-DB324A8EF6FF}.Debug|Any CPU.ActiveCfg = Debug|Any CPU
		{D8156205-F534-4C93-B9C6-DB324A8EF6FF}.Debug|Any CPU.Build.0 = Debug|Any CPU
		{D8156205-F534-4C93-B9C6-DB324A8EF6FF}.Release|Any CPU.ActiveCfg = Release|Any CPU
		{D8156205-F534-4C93-B9C6-DB324A8EF6FF}.Release|Any CPU.Build.0 = Release|Any CPU
		{0D46BF16-DAEE-4C92-AC9E-3394B5E8738E}.Debug|Any CPU.ActiveCfg = Debug|Any CPU
		{0D46BF16-DAEE-4C92-AC9E-3394B5E8738E}.Debug|Any CPU.Build.0 = Debug|Any CPU
		{0D46BF16-DAEE-4C92-AC9E-3394B5E8738E}.Release|Any CPU.ActiveCfg = Release|Any CPU
		{0D46BF16-DAEE-4C92-AC9E-3394B5E8738E}.Release|Any CPU.Build.0 = Release|Any CPU
	EndGlobalSection
	GlobalSection(SolutionProperties) = preSolution
		HideSolutionNode = FALSE
	EndGlobalSection
	GlobalSection(ExtensibilityGlobals) = postSolution
		SolutionGuid = {8DB86F6A-E1D3-4E91-80D0-2D6F7E759ECB}
	EndGlobalSection
EndGlobal
